[[package]]
name = "fnv"
version = "1.0.6"
source = "registry+https://github.com/rust-lang/crates.io-index"

[[package]]
name = "integer-sqrt"
version = "0.1.0"
source = "registry+https://github.com/rust-lang/crates.io-index"

[[package]]
name = "nine-grids-shogi-analyzer"
version = "1.0.0"
dependencies = [
 "fnv 1.0.6 (registry+https://github.com/rust-lang/crates.io-index)",
 "integer-sqrt 0.1.0 (registry+https://github.com/rust-lang/crates.io-index)",
]

[metadata]
"checksum fnv 1.0.6 (registry+https://github.com/rust-lang/crates.io-index)" = "2fad85553e09a6f881f739c29f0b00b0f01357c743266d478b68951ce23285f3"
"checksum integer-sqrt 0.1.0 (registry+https://github.com/rust-lang/crates.io-index)" = "8833702c315192502093b244e29c6ab9c55454adfe21b879a87a039ea8fe8520"
